{
  "name": "ai-app-bridge-web-remote-smoke",
  "version": "0.0.0",
  "lockfileVersion": 3,
  "requires": true,
  "packages": {
    "": {
      "name": "ai-app-bridge-web-remote-smoke",
      "version": "0.0.0",
      "dependencies": {
        "@mobileaidev/ai-app-bridge-web": "0.3.7"
      }
    },
    "node_modules/@mobileaidev/ai-app-bridge-web": {
      "version": "0.3.7",
      "resolved": "https://registry.npmjs.org/@mobileaidev/ai-app-bridge-web/-/ai-app-bridge-web-0.3.7.tgz",
      "integrity": "sha512-x2f+mNeiYi2CS/dBCathzd5Ln8DJLtLR6pXnIME14L73OntmEOaUxTIWeaxsCbsxSAvyApRTYpSo3JboxDUsEA==",
      "license": "Apache-2.0"
    }
  }
}
