{
  "name": "ai-app-bridge-web-remote-smoke",
  "version": "0.0.0",
  "lockfileVersion": 3,
  "requires": true,
  "packages": {
    "": {
      "name": "ai-app-bridge-web-remote-smoke",
      "version": "0.0.0",
      "dependencies": {
        "@mobileaidev/ai-app-bridge-web": "0.3.5"
      }
    },
    "node_modules/@mobileaidev/ai-app-bridge-web": {
      "version": "0.3.5",
      "resolved": "https://registry.npmjs.org/@mobileaidev/ai-app-bridge-web/-/ai-app-bridge-web-0.3.5.tgz",
      "integrity": "sha512-SeFybwGg1OX/o+eOeby7fIG+FXVd2Xo1dJXmGNR5CR0kuwdmoYKfV7+8NvN4aiYCpUqUg2u8EY5fNEn2dyBXAg==",
      "license": "Apache-2.0"
    }
  }
}
