{
  "name": "ai-app-bridge-web-remote-smoke",
  "version": "0.0.0",
  "lockfileVersion": 3,
  "requires": true,
  "packages": {
    "": {
      "name": "ai-app-bridge-web-remote-smoke",
      "version": "0.0.0",
      "dependencies": {
        "@mobileaidev/ai-app-bridge-web": "0.3.3"
      }
    },
    "node_modules/@mobileaidev/ai-app-bridge-web": {
      "version": "0.3.3",
      "resolved": "https://registry.npmjs.org/@mobileaidev/ai-app-bridge-web/-/ai-app-bridge-web-0.3.3.tgz",
      "integrity": "sha512-QBdmPtpf2RJym9XtzmQLV9i2Xrw6eztWDOjvSL7OEI/SenR2iKxeeze9K57SJ4qTmsN7H8pvbvVvhSnxxLOzTg==",
      "license": "Apache-2.0"
    }
  }
}
